{
  "name": "js",
  "version": "1.0.0",
  "lockfileVersion": 1,
  "requires": true,
  "dependencies": {
    "node-lifx-lan": {
      "version": "0.5.1",
      "resolved": "https://registry.npmjs.org/node-lifx-lan/-/node-lifx-lan-0.5.1.tgz",
      "integrity": "sha512-bcihlWzQO8vEozB+6193NnE7dpKuEJE9pomsff7bjdxjvu2s7ECbOTIDWcl/jEfQXeXAc9/5axDZUHi/c5Wrdw=="
    }
  }
}
